
Microsoft Visual Studio Solution File, Format Version 12.00
# Visual Studio Version 16
VisualStudioVersion = 16.0.30011.22
MinimumVisualStudioVersion = 10.0.40219.1
Project("{9A19103F-16F7-4668-BE54-9A1E7A4F7556}") = "LISTED", "LISTED.csproj", "{A952E9D2-BB37-4CA5-922C-A8F4A94E8573}"
EndProject
Project("{FAE04EC0-301F-11D3-BF4B-00C04F79EFBC}") = "LISTED_Testing", "..\LISTED_Testing\LISTED_Testing.csproj", "{D742F2C2-D3AD-42A5-8D2C-E3A8F7106607}"
EndProject
Global
	GlobalSection(SolutionConfigurationPlatforms) = preSolution
		Debug|Any CPU = Debug|Any CPU
		Release|Any CPU = Release|Any CPU
	EndGlobalSection
	GlobalSection(ProjectConfigurationPlatforms) = postSolution
		{A952E9D2-BB37-4CA5-922C-A8F4A94E8573}.Debug|Any CPU.ActiveCfg = Debug|Any CPU
		{A952E9D2-BB37-4CA5-922C-A8F4A94E8573}.Debug|Any CPU.Build.0 = Debug|Any CPU
		{A952E9D2-BB37-4CA5-922C-A8F4A94E8573}.Release|Any CPU.ActiveCfg = Release|Any CPU
		{A952E9D2-BB37-4CA5-922C-A8F4A94E8573}.Release|Any CPU.Build.0 = Release|Any CPU
		{D742F2C2-D3AD-42A5-8D2C-E3A8F7106607}.Debug|Any CPU.ActiveCfg = Debug|Any CPU
		{D742F2C2-D3AD-42A5-8D2C-E3A8F7106607}.Debug|Any CPU.Build.0 = Debug|Any CPU
		{D742F2C2-D3AD-42A5-8D2C-E3A8F7106607}.Release|Any CPU.ActiveCfg = Release|Any CPU
		{D742F2C2-D3AD-42A5-8D2C-E3A8F7106607}.Release|Any CPU.Build.0 = Release|Any CPU
	EndGlobalSection
	GlobalSection(SolutionProperties) = preSolution
		HideSolutionNode = FALSE
	EndGlobalSection
	GlobalSection(ExtensibilityGlobals) = postSolution
		SolutionGuid = {E4CA3D9D-A642-4151-8098-9E907822F93B}
	EndGlobalSection
EndGlobal
